// !$*UTF8*$!
{
	archiveVersion = 1;
	classes = {
	};
	objectVersion = 46;
	objects = {

/* Begin PBXBuildFile section */
		3E4018611E9A3DF40055E2B4 /* AppDelegate.swift in Sources */ = {isa = PBXBuildFile; fileRef = 3E4018601E9A3DF40055E2B4 /* AppDelegate.swift */; };
		3E4018631E9A3DF40055E2B4 /* ViewController.swift in Sources */ = {isa = PBXBuildFile; fileRef = 3E4018621E9A3DF40055E2B4 /* ViewController.swift */; };
		3E4018661E9A3DF40055E2B4 /* Main.storyboard in Resources */ = {isa = PBXBuildFile; fileRef = 3E4018641E9A3DF40055E2B4 /* Main.storyboard */; };
		3E4018681E9A3DF40055E2B4 /* Assets.xcassets in Resources */ = {isa = PBXBuildFile; fileRef = 3E4018671E9A3DF40055E2B4 /* Assets.xcassets */; };
		3E40186B1E9A3DF40055E2B4 /* LaunchScreen.storyboard in Resources */ = {isa = PBXBuildFile; fileRef = 3E4018691E9A3DF40055E2B4 /* LaunchScreen.storyboard */; };
		3E4018761E9A3DF40055E2B4 /* PhuongTrinhBac2Tests.swift in Sources */ = {isa = PBXBuildFile; fileRef = 3E4018751E9A3DF40055E2B4 /* PhuongTrinhBac2Tests.swift */; };
		3E4018811E9A3DF40055E2B4 /* PhuongTrinhBac2UITests.swift in Sources */ = {isa = PBXBuildFile; fileRef = 3E4018801E9A3DF40055E2B4 /* PhuongTrinhBac2UITests.swift */; };
/* End PBXBuildFile section */

/* Begin PBXContainerItemProxy section */
		3E4018721E9A3DF40055E2B4 /* PBXContainerItemProxy */ = {
			isa = PBXContainerItemProxy;
			containerPortal = 3E4018551E9A3DF40055E2B4 /* Project object */;
			proxyType = 1;
			remoteGlobalIDString = 3E40185C1E9A3DF40055E2B4;
			remoteInfo = PhuongTrinhBac2;
		};
		3E40187D1E9A3DF40055E2B4 /* PBXContainerItemProxy */ = {
			isa = PBXContainerItemProxy;
			containerPortal = 3E4018551E9A3DF40055E2B4 /* Project object */;
			proxyType = 1;
			remoteGlobalIDString = 3E40185C1E9A3DF40055E2B4;
			remoteInfo = PhuongTrinhBac2;
		};
/* End PBXContainerItemProxy section */

/* Begin PBXFileReference section */
		3E40185D1E9A3DF40055E2B4 /* PhuongTrinhBac2.app */ = {isa = PBXFileReference; explicitFileType = wrapper.application; includeInIndex = 0; path = PhuongTrinhBac2.app; sourceTree = BUILT_PRODUCTS_DIR; };
		3E4018601E9A3DF40055E2B4 /* AppDelegate.swift */ = {isa = PBXFileReference; lastKnownFileType = sourcecode.swift; path = AppDelegate.swift; sourceTree = "<group>"; };
		3E4018621E9A3DF40055E2B4 /* ViewController.swift */ = {isa = PBXFileReference; lastKnownFileType = sourcecode.swift; path = ViewController.swift; sourceTree = "<group>"; };
		3E4018651E9A3DF40055E2B4 /* Base */ = {isa = PBXFileReference; lastKnownFileType = file.storyboard; name = Base; path = Base.lproj/Main.storyboard; sourceTree = "<group>"; };
		3E4018671E9A3DF40055E2B4 /* Assets.xcassets */ = {isa = PBXFileReference; lastKnownFileType = folder.assetcatalog; path = Assets.xcassets; sourceTree = "<group>"; };
		3E40186A1E9A3DF40055E2B4 /* Base */ = {isa = PBXFileReference; lastKnownFileType = file.storyboard; name = Base; path = Base.lproj/LaunchScreen.storyboard; sourceTree = "<group>"; };
		3E40186C1E9A3DF40055E2B4 /* Info.plist */ = {isa = PBXFileReference; lastKnownFileType = text.plist.xml; path = Info.plist; sourceTree = "<group>"; };
		3E4018711E9A3DF40055E2B4 /* PhuongTrinhBac2Tests.xctest */ = {isa = PBXFileReference; explicitFileType = wrapper.cfbundle; includeInIndex = 0; path = PhuongTrinhBac2Tests.xctest; sourceTree = BUILT_PRODUCTS_DIR; };
		3E4018751E9A3DF40055E2B4 /* PhuongTrinhBac2Tests.swift */ = {isa = PBXFileReference; lastKnownFileType = sourcecode.swift; path = PhuongTrinhBac2Tests.swift; sourceTree = "<group>"; };
		3E4018771E9A3DF40055E2B4 /* Info.plist */ = {isa = PBXFileReference; lastKnownFileType = text.plist.xml; path = Info.plist; sourceTree = "<group>"; };
		3E40187C1E9A3DF40055E2B4 /* PhuongTrinhBac2UITests.xctest */ = {isa = PBXFileReference; explicitFileType = wrapper.cfbundle; includeInIndex = 0; path = PhuongTrinhBac2UITests.xctest; sourceTree = BUILT_PRODUCTS_DIR; };
		3E4018801E9A3DF40055E2B4 /* PhuongTrinhBac2UITests.swift */ = {isa = PBXFileReference; lastKnownFileType = sourcecode.swift; path = PhuongTrinhBac2UITests.swift; sourceTree = "<group>"; };
		3E4018821E9A3DF40055E2B4 /* Info.plist */ = {isa = PBXFileReference; lastKnownFileType = text.plist.xml; path = Info.plist; sourceTree = "<group>"; };
/* End PBXFileReference section */

/* Begin PBXFrameworksBuildPhase section */
		3E40185A1E9A3DF40055E2B4 /* Frameworks */ = {
			isa = PBXFrameworksBuildPhase;
			buildActionMask = 2147483647;
			files = (
			);
			runOnlyForDeploymentPostprocessing = 0;
		};
		3E40186E1E9A3DF40055E2B4 /* Frameworks */ = {
			isa = PBXFrameworksBuildPhase;
			buildActionMask = 2147483647;
			files = (
			);
			runOnlyForDeploymentPostprocessing = 0;
		};
		3E4018791E9A3DF40055E2B4 /* Frameworks */ = {
			isa = PBXFrameworksBuildPhase;
			buildActionMask = 2147483647;
			files = (
			);
			runOnlyForDeploymentPostprocessing = 0;
		};
/* End PBXFrameworksBuildPhase section */

/* Begin PBXGroup section */
		3E4018541E9A3DF40055E2B4 = {
			isa = PBXGroup;
			children = (
				3E40185F1E9A3DF40055E2B4 /* PhuongTrinhBac2 */,
				3E4018741E9A3DF40055E2B4 /* PhuongTrinhBac2Tests */,
				3E40187F1E9A3DF40055E2B4 /* PhuongTrinhBac2UITests */,
				3E40185E1E9A3DF40055E2B4 /* Products */,
			);
			sourceTree = "<group>";
		};
		3E40185E1E9A3DF40055E2B4 /* Products */ = {
			isa = PBXGroup;
			children = (
				3E40185D1E9A3DF40055E2B4 /* PhuongTrinhBac2.app */,
				3E4018711E9A3DF40055E2B4 /* PhuongTrinhBac2Tests.xctest */,
				3E40187C1E9A3DF40055E2B4 /* PhuongTrinhBac2UITests.xctest */,
			);
			name = Products;
			sourceTree = "<group>";
		};
		3E40185F1E9A3DF40055E2B4 /* PhuongTrinhBac2 */ = {
			isa = PBXGroup;
			children = (
				3E4018601E9A3DF40055E2B4 /* AppDelegate.swift */,
				3E4018621E9A3DF40055E2B4 /* ViewController.swift */,
				3E4018641E9A3DF40055E2B4 /* Main.storyboard */,
				3E4018671E9A3DF40055E2B4 /* Assets.xcassets */,
				3E4018691E9A3DF40055E2B4 /* LaunchScreen.storyboard */,
				3E40186C1E9A3DF40055E2B4 /* Info.plist */,
			);
			path = PhuongTrinhBac2;
			sourceTree = "<group>";
		};
		3E4018741E9A3DF40055E2B4 /* PhuongTrinhBac2Tests */ = {
			isa = PBXGroup;
			children = (
				3E4018751E9A3DF40055E2B4 /* PhuongTrinhBac2Tests.swift */,
				3E4018771E9A3DF40055E2B4 /* Info.plist */,
			);
			path = PhuongTrinhBac2Tests;
			sourceTree = "<group>";
		};
		3E40187F1E9A3DF40055E2B4 /* PhuongTrinhBac2UITests */ = {
			isa = PBXGroup;
			children = (
				3E4018801E9A3DF40055E2B4 /* PhuongTrinhBac2UITests.swift */,
				3E4018821E9A3DF40055E2B4 /* Info.plist */,
			);
			path = PhuongTrinhBac2UITests;
			sourceTree = "<group>";
		};
/* End PBXGroup section */

/* Begin PBXNativeTarget section */
		3E40185C1E9A3DF40055E2B4 /* PhuongTrinhBac2 */ = {
			isa = PBXNativeTarget;
			buildConfigurationList = 3E4018851E9A3DF40055E2B4 /* Build configuration list for PBXNativeTarget "PhuongTrinhBac2" */;
			buildPhases = (
				3E4018591E9A3DF40055E2B4 /* Sources */,
				3E40185A1E9A3DF40055E2B4 /* Frameworks */,
				3E40185B1E9A3DF40055E2B4 /* Resources */,
			);
			buildRules = (
			);
			dependencies = (
			);
			name = PhuongTrinhBac2;
			productName = PhuongTrinhBac2;
			productReference = 3E40185D1E9A3DF40055E2B4 /* PhuongTrinhBac2.app */;
			productType = "com.apple.product-type.application";
		};
		3E4018701E9A3DF40055E2B4 /* PhuongTrinhBac2Tests */ = {
			isa = PBXNativeTarget;
			buildConfigurationList = 3E4018881E9A3DF40055E2B4 /* Build configuration list for PBXNativeTarget "PhuongTrinhBac2Tests" */;
			buildPhases = (
				3E40186D1E9A3DF40055E2B4 /* Sources */,
				3E40186E1E9A3DF40055E2B4 /* Frameworks */,
				3E40186F1E9A3DF40055E2B4 /* Resources */,
			);
			buildRules = (
			);
			dependencies = (
				3E4018731E9A3DF40055E2B4 /* PBXTargetDependency */,
			);
			name = PhuongTrinhBac2Tests;
			productName = PhuongTrinhBac2Tests;
			productReference = 3E4018711E9A3DF40055E2B4 /* PhuongTrinhBac2Tests.xctest */;
			productType = "com.apple.product-type.bundle.unit-test";
		};
		3E40187B1E9A3DF40055E2B4 /* PhuongTrinhBac2UITests */ = {
			isa = PBXNativeTarget;
			buildConfigurationList = 3E40188B1E9A3DF40055E2B4 /* Build configuration list for PBXNativeTarget "PhuongTrinhBac2UITests" */;
			buildPhases = (
				3E4018781E9A3DF40055E2B4 /* Sources */,
				3E4018791E9A3DF40055E2B4 /* Frameworks */,
				3E40187A1E9A3DF40055E2B4 /* Resources */,
			);
			buildRules = (
			);
			dependencies = (
				3E40187E1E9A3DF40055E2B4 /* PBXTargetDependency */,
			);
			name = PhuongTrinhBac2UITests;
			productName = PhuongTrinhBac2UITests;
			productReference = 3E40187C1E9A3DF40055E2B4 /* PhuongTrinhBac2UITests.xctest */;
			productType = "com.apple.product-type.bundle.ui-testing";
		};
/* End PBXNativeTarget section */

/* Begin PBXProject section */
		3E4018551E9A3DF40055E2B4 /* Project object */ = {
			isa = PBXProject;
			attributes = {
				LastSwiftUpdateCheck = 0830;
				LastUpgradeCheck = 0830;
				ORGANIZATIONNAME = Group9_iOSUTE;
				TargetAttributes = {
					3E40185C1E9A3DF40055E2B4 = {
						CreatedOnToolsVersion = 8.3;
						ProvisioningStyle = Automatic;
					};
					3E4018701E9A3DF40055E2B4 = {
						CreatedOnToolsVersion = 8.3;
						ProvisioningStyle = Automatic;
						TestTargetID = 3E40185C1E9A3DF40055E2B4;
					};
					3E40187B1E9A3DF40055E2B4 = {
						CreatedOnToolsVersion = 8.3;
						ProvisioningStyle = Automatic;
						TestTargetID = 3E40185C1E9A3DF40055E2B4;
					};
				};
			};
			buildConfigurationList = 3E4018581E9A3DF40055E2B4 /* Build configuration list for PBXProject "PhuongTrinhBac2" */;
			compatibilityVersion = "Xcode 3.2";
			developmentRegion = English;
			hasScannedForEncodings = 0;
			knownRegions = (
				en,
				Base,
			);
			mainGroup = 3E4018541E9A3DF40055E2B4;
			productRefGroup = 3E40185E1E9A3DF40055E2B4 /* Products */;
			projectDirPath = "";
			projectRoot = "";
			targets = (
				3E40185C1E9A3DF40055E2B4 /* PhuongTrinhBac2 */,
				3E4018701E9A3DF40055E2B4 /* PhuongTrinhBac2Tests */,
				3E40187B1E9A3DF40055E2B4 /* PhuongTrinhBac2UITests */,
			);
		};
/* End PBXProject section */

/* Begin PBXResourcesBuildPhase section */
		3E40185B1E9A3DF40055E2B4 /* Resources */ = {
			isa = PBXResourcesBuildPhase;
			buildActionMask = 2147483647;
			files = (
				3E40186B1E9A3DF40055E2B4 /* LaunchScreen.storyboard in Resources */,
				3E4018681E9A3DF40055E2B4 /* Assets.xcassets in Resources */,
				3E4018661E9A3DF40055E2B4 /* Main.storyboard in Resources */,
			);
			runOnlyForDeploymentPostprocessing = 0;
		};
		3E40186F1E9A3DF40055E2B4 /* Resources */ = {
			isa = PBXResourcesBuildPhase;
			buildActionMask = 2147483647;
			files = (
			);
			runOnlyForDeploymentPostprocessing = 0;
		};
		3E40187A1E9A3DF40055E2B4 /* Resources */ = {
			isa = PBXResourcesBuildPhase;
			buildActionMask = 2147483647;
			files = (
			);
			runOnlyForDeploymentPostprocessing = 0;
		};
/* End PBXResourcesBuildPhase section */

/* Begin PBXSourcesBuildPhase section */
		3E4018591E9A3DF40055E2B4 /* Sources */ = {
			isa = PBXSourcesBuildPhase;
			buildActionMask = 2147483647;
			files = (
				3E4018631E9A3DF40055E2B4 /* ViewController.swift in Sources */,
				3E4018611E9A3DF40055E2B4 /* AppDelegate.swift in Sources */,
			);
			runOnlyForDeploymentPostprocessing = 0;
		};
		3E40186D1E9A3DF40055E2B4 /* Sources */ = {
			isa = PBXSourcesBuildPhase;
			buildActionMask = 2147483647;
			files = (
				3E4018761E9A3DF40055E2B4 /* PhuongTrinhBac2Tests.swift in Sources */,
			);
			runOnlyForDeploymentPostprocessing = 0;
		};
		3E4018781E9A3DF40055E2B4 /* Sources */ = {
			isa = PBXSourcesBuildPhase;
			buildActionMask = 2147483647;
			files = (
				3E4018811E9A3DF40055E2B4 /* PhuongTrinhBac2UITests.swift in Sources */,
			);
			runOnlyForDeploymentPostprocessing = 0;
		};
/* End PBXSourcesBuildPhase section */

/* Begin PBXTargetDependency section */
		3E4018731E9A3DF40055E2B4 /* PBXTargetDependency */ = {
			isa = PBXTargetDependency;
			target = 3E40185C1E9A3DF40055E2B4 /* PhuongTrinhBac2 */;
			targetProxy = 3E4018721E9A3DF40055E2B4 /* PBXContainerItemProxy */;
		};
		3E40187E1E9A3DF40055E2B4 /* PBXTargetDependency */ = {
			isa = PBXTargetDependency;
			target = 3E40185C1E9A3DF40055E2B4 /* PhuongTrinhBac2 */;
			targetProxy = 3E40187D1E9A3DF40055E2B4 /* PBXContainerItemProxy */;
		};
/* End PBXTargetDependency section */

/* Begin PBXVariantGroup section */
		3E4018641E9A3DF40055E2B4 /* Main.storyboard */ = {
			isa = PBXVariantGroup;
			children = (
				3E4018651E9A3DF40055E2B4 /* Base */,
			);
			name = Main.storyboard;
			sourceTree = "<group>";
		};
		3E4018691E9A3DF40055E2B4 /* LaunchScreen.storyboard */ = {
			isa = PBXVariantGroup;
			children = (
				3E40186A1E9A3DF40055E2B4 /* Base */,
			);
			name = LaunchScreen.storyboard;
			sourceTree = "<group>";
		};
/* End PBXVariantGroup section */

/* Begin XCBuildConfiguration section */
		3E4018831E9A3DF40055E2B4 /* Debug */ = {
			isa = XCBuildConfiguration;
			buildSettings = {
				ALWAYS_SEARCH_USER_PATHS = NO;
				CLANG_ANALYZER_NONNULL = YES;
				CLANG_ANALYZER_NUMBER_OBJECT_CONVERSION = YES_AGGRESSIVE;
				CLANG_CXX_LANGUAGE_STANDARD = "gnu++0x";
				CLANG_CXX_LIBRARY = "libc++";
				CLANG_ENABLE_MODULES = YES;
				CLANG_ENABLE_OBJC_ARC = YES;
				CLANG_WARN_BOOL_CONVERSION = YES;
				CLANG_WARN_CONSTANT_CONVERSION = YES;
				CLANG_WARN_DIRECT_OBJC_ISA_USAGE = YES_ERROR;
				CLANG_WARN_DOCUMENTATION_COMMENTS = YES;
				CLANG_WARN_EMPTY_BODY = YES;
				CLANG_WARN_ENUM_CONVERSION = YES;
				CLANG_WARN_INFINITE_RECURSION = YES;
				CLANG_WARN_INT_CONVERSION = YES;
				CLANG_WARN_OBJC_ROOT_CLASS = YES_ERROR;
				CLANG_WARN_SUSPICIOUS_MOVE = YES;
				CLANG_WARN_UNREACHABLE_CODE = YES;
				CLANG_WARN__DUPLICATE_METHOD_MATCH = YES;
				"CODE_SIGN_IDENTITY[sdk=iphoneos*]" = "iPhone Developer";
				COPY_PHASE_STRIP = NO;
				DEBUG_INFORMATION_FORMAT = dwarf;
				ENABLE_STRICT_OBJC_MSGSEND = YES;
				ENABLE_TESTABILITY = YES;
				GCC_C_LANGUAGE_STANDARD = gnu99;
				GCC_DYNAMIC_NO_PIC = NO;
				GCC_NO_COMMON_BLOCKS = YES;
				GCC_OPTIMIZATION_LEVEL = 0;
				GCC_PREPROCESSOR_DEFINITIONS = (
					"DEBUG=1",
					"$(inherited)",
				);
				GCC_WARN_64_TO_32_BIT_CONVERSION = YES;
				GCC_WARN_ABOUT_RETURN_TYPE = YES_ERROR;
				GCC_WARN_UNDECLARED_SELECTOR = YES;
				GCC_WARN_UNINITIALIZED_AUTOS = YES_AGGRESSIVE;
				GCC_WARN_UNUSED_FUNCTION = YES;
				GCC_WARN_UNUSED_VARIABLE = YES;
				IPHONEOS_DEPLOYMENT_TARGET = 10.3;
				MTL_ENABLE_DEBUG_INFO = YES;
				ONLY_ACTIVE_ARCH = YES;
				SDKROOT = iphoneos;
				SWIFT_ACTIVE_COMPILATION_CONDITIONS = DEBUG;
				SWIFT_OPTIMIZATION_LEVEL = "-Onone";
			};
			name = Debug;
		};
		3E4018841E9A3DF40055E2B4 /* Release */ = {
			isa = XCBuildConfiguration;
			buildSettings = {
				ALWAYS_SEARCH_USER_PATHS = NO;
				CLANG_ANALYZER_NONNULL = YES;
				CLANG_ANALYZER_NUMBER_OBJECT_CONVERSION = YES_AGGRESSIVE;
				CLANG_CXX_LANGUAGE_STANDARD = "gnu++0x";
				CLANG_CXX_LIBRARY = "libc++";
				CLANG_ENABLE_MODULES = YES;
				CLANG_ENABLE_OBJC_ARC = YES;
				CLANG_WARN_BOOL_CONVERSION = YES;
				CLANG_WARN_CONSTANT_CONVERSION = YES;
				CLANG_WARN_DIRECT_OBJC_ISA_USAGE = YES_ERROR;
				CLANG_WARN_DOCUMENTATION_COMMENTS = YES;
				CLANG_WARN_EMPTY_BODY = YES;
				CLANG_WARN_ENUM_CONVERSION = YES;
				CLANG_WARN_INFINITE_RECURSION = YES;
				CLANG_WARN_INT_CONVERSION = YES;
				CLANG_WARN_OBJC_ROOT_CLASS = YES_ERROR;
				CLANG_WARN_SUSPICIOUS_MOVE = YES;
				CLANG_WARN_UNREACHABLE_CODE = YES;
				CLANG_WARN__DUPLICATE_METHOD_MATCH = YES;
				"CODE_SIGN_IDENTITY[sdk=iphoneos*]" = "iPhone Developer";
				COPY_PHASE_STRIP = NO;
				DEBUG_INFORMATION_FORMAT = "dwarf-with-dsym";
				ENABLE_NS_ASSERTIONS = NO;
				ENABLE_STRICT_OBJC_MSGSEND = YES;
				GCC_C_LANGUAGE_STANDARD = gnu99;
				GCC_NO_COMMON_BLOCKS = YES;
				GCC_WARN_64_TO_32_BIT_CONVERSION = YES;
				GCC_WARN_ABOUT_RETURN_TYPE = YES_ERROR;
				GCC_WARN_UNDECLARED_SELECTOR = YES;
				GCC_WARN_UNINITIALIZED_AUTOS = YES_AGGRESSIVE;
				GCC_WARN_UNUSED_FUNCTION = YES;
				GCC_WARN_UNUSED_VARIABLE = YES;
				IPHONEOS_DEPLOYMENT_TARGET = 10.3;
				MTL_ENABLE_DEBUG_INFO = NO;
				SDKROOT = iphoneos;
				SWIFT_OPTIMIZATION_LEVEL = "-Owholemodule";
				VALIDATE_PRODUCT = YES;
			};
			name = Release;
		};
		3E4018861E9A3DF40055E2B4 /* Debug */ = {
			isa = XCBuildConfiguration;
			buildSettings = {
				ASSETCATALOG_COMPILER_APPICON_NAME = AppIcon;
				INFOPLIST_FILE = PhuongTrinhBac2/Info.plist;
				LD_RUNPATH_SEARCH_PATHS = "$(inherited) @executable_path/Frameworks";
				PRODUCT_BUNDLE_IDENTIFIER = "Group9-iOSUTE.PhuongTrinhBac2";
				PRODUCT_NAME = "$(TARGET_NAME)";
				SWIFT_VERSION = 3.0;
			};
			name = Debug;
		};
		3E4018871E9A3DF40055E2B4 /* Release */ = {
			isa = XCBuildConfiguration;
			buildSettings = {
				ASSETCATALOG_COMPILER_APPICON_NAME = AppIcon;
				INFOPLIST_FILE = PhuongTrinhBac2/Info.plist;
				LD_RUNPATH_SEARCH_PATHS = "$(inherited) @executable_path/Frameworks";
				PRODUCT_BUNDLE_IDENTIFIER = "Group9-iOSUTE.PhuongTrinhBac2";
				PRODUCT_NAME = "$(TARGET_NAME)";
				SWIFT_VERSION = 3.0;
			};
			name = Release;
		};
		3E4018891E9A3DF40055E2B4 /* Debug */ = {
			isa = XCBuildConfiguration;
			buildSettings = {
				ALWAYS_EMBED_SWIFT_STANDARD_LIBRARIES = YES;
				BUNDLE_LOADER = "$(TEST_HOST)";
				INFOPLIST_FILE = PhuongTrinhBac2Tests/Info.plist;
				LD_RUNPATH_SEARCH_PATHS = "$(inherited) @executable_path/Frameworks @loader_path/Frameworks";
				PRODUCT_BUNDLE_IDENTIFIER = "Group9-iOSUTE.PhuongTrinhBac2Tests";
				PRODUCT_NAME = "$(TARGET_NAME)";
				SWIFT_VERSION = 3.0;
				TEST_HOST = "$(BUILT_PRODUCTS_DIR)/PhuongTrinhBac2.app/PhuongTrinhBac2";
			};
			name = Debug;
		};
		3E40188A1E9A3DF40055E2B4 /* Release */ = {
			isa = XCBuildConfiguration;
			buildSettings = {
				ALWAYS_EMBED_SWIFT_STANDARD_LIBRARIES = YES;
				BUNDLE_LOADER = "$(TEST_HOST)";
				INFOPLIST_FILE = PhuongTrinhBac2Tests/Info.plist;
				LD_RUNPATH_SEARCH_PATHS = "$(inherited) @executable_path/Frameworks @loader_path/Frameworks";
				PRODUCT_BUNDLE_IDENTIFIER = "Group9-iOSUTE.PhuongTrinhBac2Tests";
				PRODUCT_NAME = "$(TARGET_NAME)";
				SWIFT_VERSION = 3.0;
				TEST_HOST = "$(BUILT_PRODUCTS_DIR)/PhuongTrinhBac2.app/PhuongTrinhBac2";
			};
			name = Release;
		};
		3E40188C1E9A3DF40055E2B4 /* Debug */ = {
			isa = XCBuildConfiguration;
			buildSettings = {
				ALWAYS_EMBED_SWIFT_STANDARD_LIBRARIES = YES;
				INFOPLIST_FILE = PhuongTrinhBac2UITests/Info.plist;
				LD_RUNPATH_SEARCH_PATHS = "$(inherited) @executable_path/Frameworks @loader_path/Frameworks";
				PRODUCT_BUNDLE_IDENTIFIER = "Group9-iOSUTE.PhuongTrinhBac2UITests";
				PRODUCT_NAME = "$(TARGET_NAME)";
				SWIFT_VERSION = 3.0;
				TEST_TARGET_NAME = PhuongTrinhBac2;
			};
			name = Debug;
		};
		3E40188D1E9A3DF40055E2B4 /* Release */ = {
			isa = XCBuildConfiguration;
			buildSettings = {
				ALWAYS_EMBED_SWIFT_STANDARD_LIBRARIES = YES;
				INFOPLIST_FILE = PhuongTrinhBac2UITests/Info.plist;
				LD_RUNPATH_SEARCH_PATHS = "$(inherited) @executable_path/Frameworks @loader_path/Frameworks";
				PRODUCT_BUNDLE_IDENTIFIER = "Group9-iOSUTE.PhuongTrinhBac2UITests";
				PRODUCT_NAME = "$(TARGET_NAME)";
				SWIFT_VERSION = 3.0;
				TEST_TARGET_NAME = PhuongTrinhBac2;
			};
			name = Release;
		};
/* End XCBuildConfiguration section */

/* Begin XCConfigurationList section */
		3E4018581E9A3DF40055E2B4 /* Build configuration list for PBXProject "PhuongTrinhBac2" */ = {
			isa = XCConfigurationList;
			buildConfigurations = (
				3E4018831E9A3DF40055E2B4 /* Debug */,
				3E4018841E9A3DF40055E2B4 /* Release */,
			);
			defaultConfigurationIsVisible = 0;
			defaultConfigurationName = Release;
		};
		3E4018851E9A3DF40055E2B4 /* Build configuration list for PBXNativeTarget "PhuongTrinhBac2" */ = {
			isa = XCConfigurationList;
			buildConfigurations = (
				3E4018861E9A3DF40055E2B4 /* Debug */,
				3E4018871E9A3DF40055E2B4 /* Release */,
			);
			defaultConfigurationIsVisible = 0;
		};
		3E4018881E9A3DF40055E2B4 /* Build configuration list for PBXNativeTarget "PhuongTrinhBac2Tests" */ = {
			isa = XCConfigurationList;
			buildConfigurations = (
				3E4018891E9A3DF40055E2B4 /* Debug */,
				3E40188A1E9A3DF40055E2B4 /* Release */,
			);
			defaultConfigurationIsVisible = 0;
		};
		3E40188B1E9A3DF40055E2B4 /* Build configuration list for PBXNativeTarget "PhuongTrinhBac2UITests" */ = {
			isa = XCConfigurationList;
			buildConfigurations = (
				3E40188C1E9A3DF40055E2B4 /* Debug */,
				3E40188D1E9A3DF40055E2B4 /* Release */,
			);
			defaultConfigurationIsVisible = 0;
		};
/* End XCConfigurationList section */
	};
	rootObject = 3E4018551E9A3DF40055E2B4 /* Project object */;
}
